
Microsoft Visual Studio Solution File, Format Version 12.00
# Visual Studio Version 16
VisualStudioVersion = 16.0.30907.101
MinimumVisualStudioVersion = 10.0.40219.1
Project("{FAE04EC0-301F-11D3-BF4B-00C04F79EFBC}") = "EwsClientTestConsoleApp", "EwsClientTestConsoleApp\EwsClientTestConsoleApp.csproj", "{A875AD11-B6D3-41CD-8373-6B27138FF768}"
EndProject
Global
	GlobalSection(SolutionConfigurationPlatforms) = preSolution
		Debug|Any CPU = Debug|Any CPU
		Release|Any CPU = Release|Any CPU
	EndGlobalSection
	GlobalSection(ProjectConfigurationPlatforms) = postSolution
		{A875AD11-B6D3-41CD-8373-6B27138FF768}.Debug|Any CPU.ActiveCfg = Debug|Any CPU
		{A875AD11-B6D3-41CD-8373-6B27138FF768}.Debug|Any CPU.Build.0 = Debug|Any CPU
		{A875AD11-B6D3-41CD-8373-6B27138FF768}.Release|Any CPU.ActiveCfg = Release|Any CPU
		{A875AD11-B6D3-41CD-8373-6B27138FF768}.Release|Any CPU.Build.0 = Release|Any CPU
	EndGlobalSection
	GlobalSection(SolutionProperties) = preSolution
		HideSolutionNode = FALSE
	EndGlobalSection
	GlobalSection(ExtensibilityGlobals) = postSolution
		SolutionGuid = {D6EA086F-1A44-4720-B6DE-F3B407067E68}
	EndGlobalSection
EndGlobal
